
Microsoft Visual Studio Solution File, Format Version 12.00
# Visual Studio Version 16
VisualStudioVersion = 16.0.31911.196
MinimumVisualStudioVersion = 10.0.40219.1
Project("{FAE04EC0-301F-11D3-BF4B-00C04F79EFBC}") = "AoC-21", "AoC-21\AoC-21.csproj", "{46EED65A-E0DB-43BF-A02B-7BC26AD3773D}"
EndProject
Global
	GlobalSection(SolutionConfigurationPlatforms) = preSolution
		Debug|Any CPU = Debug|Any CPU
		Release|Any CPU = Release|Any CPU
	EndGlobalSection
	GlobalSection(ProjectConfigurationPlatforms) = postSolution
		{46EED65A-E0DB-43BF-A02B-7BC26AD3773D}.Debug|Any CPU.ActiveCfg = Debug|Any CPU
		{46EED65A-E0DB-43BF-A02B-7BC26AD3773D}.Debug|Any CPU.Build.0 = Debug|Any CPU
		{46EED65A-E0DB-43BF-A02B-7BC26AD3773D}.Release|Any CPU.ActiveCfg = Release|Any CPU
		{46EED65A-E0DB-43BF-A02B-7BC26AD3773D}.Release|Any CPU.Build.0 = Release|Any CPU
	EndGlobalSection
	GlobalSection(SolutionProperties) = preSolution
		HideSolutionNode = FALSE
	EndGlobalSection
	GlobalSection(ExtensibilityGlobals) = postSolution
		SolutionGuid = {E5B57258-39BC-43F6-BDD0-7B6D56CA0E4E}
	EndGlobalSection
EndGlobal
